
Microsoft Visual Studio Solution File, Format Version 12.00
# Visual Studio Version 16
VisualStudioVersion = 16.0.31129.286
MinimumVisualStudioVersion = 10.0.40219.1
Project("{FAE04EC0-301F-11D3-BF4B-00C04F79EFBC}") = "sistemaInventario", "sistemaInventario\sistemaInventario.csproj", "{FBAFF56A-29CA-4C92-B5D4-E70EEC182678}"
EndProject
Global
	GlobalSection(SolutionConfigurationPlatforms) = preSolution
		Debug|Any CPU = Debug|Any CPU
		Release|Any CPU = Release|Any CPU
	EndGlobalSection
	GlobalSection(ProjectConfigurationPlatforms) = postSolution
		{FBAFF56A-29CA-4C92-B5D4-E70EEC182678}.Debug|Any CPU.ActiveCfg = Debug|Any CPU
		{FBAFF56A-29CA-4C92-B5D4-E70EEC182678}.Debug|Any CPU.Build.0 = Debug|Any CPU
		{FBAFF56A-29CA-4C92-B5D4-E70EEC182678}.Release|Any CPU.ActiveCfg = Release|Any CPU
		{FBAFF56A-29CA-4C92-B5D4-E70EEC182678}.Release|Any CPU.Build.0 = Release|Any CPU
	EndGlobalSection
	GlobalSection(SolutionProperties) = preSolution
		HideSolutionNode = FALSE
	EndGlobalSection
	GlobalSection(ExtensibilityGlobals) = postSolution
		SolutionGuid = {A1E976C2-ACDA-4919-924A-3F3B33190EA9}
	EndGlobalSection
EndGlobal
